// !$*UTF8*$!
{
	archiveVersion = 1;
	classes = {
	};
	objectVersion = 50;
	objects = {

/* Begin PBXBuildFile section */
		F15FB6672124984F006A6446 /* AppDelegate.swift in Sources */ = {isa = PBXBuildFile; fileRef = F15FB6662124984F006A6446 /* AppDelegate.swift */; };
		F15FB6692124984F006A6446 /* ViewController.swift in Sources */ = {isa = PBXBuildFile; fileRef = F15FB6682124984F006A6446 /* ViewController.swift */; };
		F15FB66C2124984F006A6446 /* Main.storyboard in Resources */ = {isa = PBXBuildFile; fileRef = F15FB66A2124984F006A6446 /* Main.storyboard */; };
		F15FB66E21249850006A6446 /* Assets.xcassets in Resources */ = {isa = PBXBuildFile; fileRef = F15FB66D21249850006A6446 /* Assets.xcassets */; };
		F15FB67121249850006A6446 /* LaunchScreen.storyboard in Resources */ = {isa = PBXBuildFile; fileRef = F15FB66F21249850006A6446 /* LaunchScreen.storyboard */; };
		F15FB6792124A050006A6446 /* Employee.swift in Sources */ = {isa = PBXBuildFile; fileRef = F15FB6782124A050006A6446 /* Employee.swift */; };
/* End PBXBuildFile section */

/* Begin PBXFileReference section */
		F15FB6632124984F006A6446 /* Brian's App.app */ = {isa = PBXFileReference; explicitFileType = wrapper.application; includeInIndex = 0; path = "Brian's App.app"; sourceTree = BUILT_PRODUCTS_DIR; };
		F15FB6662124984F006A6446 /* AppDelegate.swift */ = {isa = PBXFileReference; lastKnownFileType = sourcecode.swift; path = AppDelegate.swift; sourceTree = "<group>"; };
		F15FB6682124984F006A6446 /* ViewController.swift */ = {isa = PBXFileReference; lastKnownFileType = sourcecode.swift; path = ViewController.swift; sourceTree = "<group>"; };
		F15FB66B2124984F006A6446 /* Base */ = {isa = PBXFileReference; lastKnownFileType = file.storyboard; name = Base; path = Base.lproj/Main.storyboard; sourceTree = "<group>"; };
		F15FB66D21249850006A6446 /* Assets.xcassets */ = {isa = PBXFileReference; lastKnownFileType = folder.assetcatalog; path = Assets.xcassets; sourceTree = "<group>"; };
		F15FB67021249850006A6446 /* Base */ = {isa = PBXFileReference; lastKnownFileType = file.storyboard; name = Base; path = Base.lproj/LaunchScreen.storyboard; sourceTree = "<group>"; };
		F15FB67221249850006A6446 /* Info.plist */ = {isa = PBXFileReference; lastKnownFileType = text.plist.xml; path = Info.plist; sourceTree = "<group>"; };
		F15FB6782124A050006A6446 /* Employee.swift */ = {isa = PBXFileReference; lastKnownFileType = sourcecode.swift; path = Employee.swift; sourceTree = "<group>"; };
/* End PBXFileReference section */

/* Begin PBXFrameworksBuildPhase section */
		F15FB6602124984F006A6446 /* Frameworks */ = {
			isa = PBXFrameworksBuildPhase;
			buildActionMask = 2147483647;
			files = (
			);
			runOnlyForDeploymentPostprocessing = 0;
		};
/* End PBXFrameworksBuildPhase section */

/* Begin PBXGroup section */
		F15FB65A2124984F006A6446 = {
			isa = PBXGroup;
			children = (
				F15FB6652124984F006A6446 /* Brian's App */,
				F15FB6642124984F006A6446 /* Products */,
			);
			sourceTree = "<group>";
		};
		F15FB6642124984F006A6446 /* Products */ = {
			isa = PBXGroup;
			children = (
				F15FB6632124984F006A6446 /* Brian's App.app */,
			);
			name = Products;
			sourceTree = "<group>";
		};
		F15FB6652124984F006A6446 /* Brian's App */ = {
			isa = PBXGroup;
			children = (
				F15FB6662124984F006A6446 /* AppDelegate.swift */,
				F15FB6682124984F006A6446 /* ViewController.swift */,
				F15FB6782124A050006A6446 /* Employee.swift */,
				F15FB66A2124984F006A6446 /* Main.storyboard */,
				F15FB66D21249850006A6446 /* Assets.xcassets */,
				F15FB66F21249850006A6446 /* LaunchScreen.storyboard */,
				F15FB67221249850006A6446 /* Info.plist */,
			);
			path = "Brian's App";
			sourceTree = "<group>";
		};
/* End PBXGroup section */

/* Begin PBXNativeTarget section */
		F15FB6622124984F006A6446 /* Brian's App */ = {
			isa = PBXNativeTarget;
			buildConfigurationList = F15FB67521249850006A6446 /* Build configuration list for PBXNativeTarget "Brian's App" */;
			buildPhases = (
				F15FB65F2124984F006A6446 /* Sources */,
				F15FB6602124984F006A6446 /* Frameworks */,
				F15FB6612124984F006A6446 /* Resources */,
			);
			buildRules = (
			);
			dependencies = (
			);
			name = "Brian's App";
			productName = "Brian's App";
			productReference = F15FB6632124984F006A6446 /* Brian's App.app */;
			productType = "com.apple.product-type.application";
		};
/* End PBXNativeTarget section */

/* Begin PBXProject section */
		F15FB65B2124984F006A6446 /* Project object */ = {
			isa = PBXProject;
			attributes = {
				LastSwiftUpdateCheck = 0940;
				LastUpgradeCheck = 0940;
				ORGANIZATIONNAME = "Raman Singh";
				TargetAttributes = {
					F15FB6622124984F006A6446 = {
						CreatedOnToolsVersion = 9.4;
					};
				};
			};
			buildConfigurationList = F15FB65E2124984F006A6446 /* Build configuration list for PBXProject "Brian's App" */;
			compatibilityVersion = "Xcode 9.3";
			developmentRegion = en;
			hasScannedForEncodings = 0;
			knownRegions = (
				en,
				Base,
			);
			mainGroup = F15FB65A2124984F006A6446;
			productRefGroup = F15FB6642124984F006A6446 /* Products */;
			projectDirPath = "";
			projectRoot = "";
			targets = (
				F15FB6622124984F006A6446 /* Brian's App */,
			);
		};
/* End PBXProject section */

/* Begin PBXResourcesBuildPhase section */
		F15FB6612124984F006A6446 /* Resources */ = {
			isa = PBXResourcesBuildPhase;
			buildActionMask = 2147483647;
			files = (
				F15FB67121249850006A6446 /* LaunchScreen.storyboard in Resources */,
				F15FB66E21249850006A6446 /* Assets.xcassets in Resources */,
				F15FB66C2124984F006A6446 /* Main.storyboard in Resources */,
			);
			runOnlyForDeploymentPostprocessing = 0;
		};
/* End PBXResourcesBuildPhase section */

/* Begin PBXSourcesBuildPhase section */
		F15FB65F2124984F006A6446 /* Sources */ = {
			isa = PBXSourcesBuildPhase;
			buildActionMask = 2147483647;
			files = (
				F15FB6692124984F006A6446 /* ViewController.swift in Sources */,
				F15FB6792124A050006A6446 /* Employee.swift in Sources */,
				F15FB6672124984F006A6446 /* AppDelegate.swift in Sources */,
			);
			runOnlyForDeploymentPostprocessing = 0;
		};
/* End PBXSourcesBuildPhase section */

/* Begin PBXVariantGroup section */
		F15FB66A2124984F006A6446 /* Main.storyboard */ = {
			isa = PBXVariantGroup;
			children = (
				F15FB66B2124984F006A6446 /* Base */,
			);
			name = Main.storyboard;
			sourceTree = "<group>";
		};
		F15FB66F21249850006A6446 /* LaunchScreen.storyboard */ = {
			isa = PBXVariantGroup;
			children = (
				F15FB67021249850006A6446 /* Base */,
			);
			name = LaunchScreen.storyboard;
			sourceTree = "<group>";
		};
/* End PBXVariantGroup section */

/* Begin XCBuildConfiguration section */
		F15FB67321249850006A6446 /* Debug */ = {
			isa = XCBuildConfiguration;
			buildSettings = {
				ALWAYS_SEARCH_USER_PATHS = NO;
				CLANG_ANALYZER_NONNULL = YES;
				CLANG_ANALYZER_NUMBER_OBJECT_CONVERSION = YES_AGGRESSIVE;
				CLANG_CXX_LANGUAGE_STANDARD = "gnu++14";
				CLANG_CXX_LIBRARY = "libc++";
				CLANG_ENABLE_MODULES = YES;
				CLANG_ENABLE_OBJC_ARC = YES;
				CLANG_ENABLE_OBJC_WEAK = YES;
				CLANG_WARN_BLOCK_CAPTURE_AUTORELEASING = YES;
				CLANG_WARN_BOOL_CONVERSION = YES;
				CLANG_WARN_COMMA = YES;
				CLANG_WARN_CONSTANT_CONVERSION = YES;
				CLANG_WARN_DEPRECATED_OBJC_IMPLEMENTATIONS = YES;
				CLANG_WARN_DIRECT_OBJC_ISA_USAGE = YES_ERROR;
				CLANG_WARN_DOCUMENTATION_COMMENTS = YES;
				CLANG_WARN_EMPTY_BODY = YES;
				CLANG_WARN_ENUM_CONVERSION = YES;
				CLANG_WARN_INFINITE_RECURSION = YES;
				CLANG_WARN_INT_CONVERSION = YES;
				CLANG_WARN_NON_LITERAL_NULL_CONVERSION = YES;
				CLANG_WARN_OBJC_IMPLICIT_RETAIN_SELF = YES;
				CLANG_WARN_OBJC_LITERAL_CONVERSION = YES;
				CLANG_WARN_OBJC_ROOT_CLASS = YES_ERROR;
				CLANG_WARN_RANGE_LOOP_ANALYSIS = YES;
				CLANG_WARN_STRICT_PROTOTYPES = YES;
				CLANG_WARN_SUSPICIOUS_MOVE = YES;
				CLANG_WARN_UNGUARDED_AVAILABILITY = YES_AGGRESSIVE;
				CLANG_WARN_UNREACHABLE_CODE = YES;
				CLANG_WARN__DUPLICATE_METHOD_MATCH = YES;
				CODE_SIGN_IDENTITY = "iPhone Developer";
				COPY_PHASE_STRIP = NO;
				DEBUG_INFORMATION_FORMAT = dwarf;
				ENABLE_STRICT_OBJC_MSGSEND = YES;
				ENABLE_TESTABILITY = YES;
				GCC_C_LANGUAGE_STANDARD = gnu11;
				GCC_DYNAMIC_NO_PIC = NO;
				GCC_NO_COMMON_BLOCKS = YES;
				GCC_OPTIMIZATION_LEVEL = 0;
				GCC_PREPROCESSOR_DEFINITIONS = (
					"DEBUG=1",
					"$(inherited)",
				);
				GCC_WARN_64_TO_32_BIT_CONVERSION = YES;
				GCC_WARN_ABOUT_RETURN_TYPE = YES_ERROR;
				GCC_WARN_UNDECLARED_SELECTOR = YES;
				GCC_WARN_UNINITIALIZED_AUTOS = YES_AGGRESSIVE;
				GCC_WARN_UNUSED_FUNCTION = YES;
				GCC_WARN_UNUSED_VARIABLE = YES;
				IPHONEOS_DEPLOYMENT_TARGET = 11.4;
				MTL_ENABLE_DEBUG_INFO = YES;
				ONLY_ACTIVE_ARCH = YES;
				SDKROOT = iphoneos;
				SWIFT_ACTIVE_COMPILATION_CONDITIONS = DEBUG;
				SWIFT_OPTIMIZATION_LEVEL = "-Onone";
			};
			name = Debug;
		};
		F15FB67421249850006A6446 /* Release */ = {
			isa = XCBuildConfiguration;
			buildSettings = {
				ALWAYS_SEARCH_USER_PATHS = NO;
				CLANG_ANALYZER_NONNULL = YES;
				CLANG_ANALYZER_NUMBER_OBJECT_CONVERSION = YES_AGGRESSIVE;
				CLANG_CXX_LANGUAGE_STANDARD = "gnu++14";
				CLANG_CXX_LIBRARY = "libc++";
				CLANG_ENABLE_MODULES = YES;
				CLANG_ENABLE_OBJC_ARC = YES;
				CLANG_ENABLE_OBJC_WEAK = YES;
				CLANG_WARN_BLOCK_CAPTURE_AUTORELEASING = YES;
				CLANG_WARN_BOOL_CONVERSION = YES;
				CLANG_WARN_COMMA = YES;
				CLANG_WARN_CONSTANT_CONVERSION = YES;
				CLANG_WARN_DEPRECATED_OBJC_IMPLEMENTATIONS = YES;
				CLANG_WARN_DIRECT_OBJC_ISA_USAGE = YES_ERROR;
				CLANG_WARN_DOCUMENTATION_COMMENTS = YES;
				CLANG_WARN_EMPTY_BODY = YES;
				CLANG_WARN_ENUM_CONVERSION = YES;
				CLANG_WARN_INFINITE_RECURSION = YES;
				CLANG_WARN_INT_CONVERSION = YES;
				CLANG_WARN_NON_LITERAL_NULL_CONVERSION = YES;
				CLANG_WARN_OBJC_IMPLICIT_RETAIN_SELF = YES;
				CLANG_WARN_OBJC_LITERAL_CONVERSION = YES;
				CLANG_WARN_OBJC_ROOT_CLASS = YES_ERROR;
				CLANG_WARN_RANGE_LOOP_ANALYSIS = YES;
				CLANG_WARN_STRICT_PROTOTYPES = YES;
				CLANG_WARN_SUSPICIOUS_MOVE = YES;
				CLANG_WARN_UNGUARDED_AVAILABILITY = YES_AGGRESSIVE;
				CLANG_WARN_UNREACHABLE_CODE = YES;
				CLANG_WARN__DUPLICATE_METHOD_MATCH = YES;
				CODE_SIGN_IDENTITY = "iPhone Developer";
				COPY_PHASE_STRIP = NO;
				DEBUG_INFORMATION_FORMAT = "dwarf-with-dsym";
				ENABLE_NS_ASSERTIONS = NO;
				ENABLE_STRICT_OBJC_MSGSEND = YES;
				GCC_C_LANGUAGE_STANDARD = gnu11;
				GCC_NO_COMMON_BLOCKS = YES;
				GCC_WARN_64_TO_32_BIT_CONVERSION = YES;
				GCC_WARN_ABOUT_RETURN_TYPE = YES_ERROR;
				GCC_WARN_UNDECLARED_SELECTOR = YES;
				GCC_WARN_UNINITIALIZED_AUTOS = YES_AGGRESSIVE;
				GCC_WARN_UNUSED_FUNCTION = YES;
				GCC_WARN_UNUSED_VARIABLE = YES;
				IPHONEOS_DEPLOYMENT_TARGET = 11.4;
				MTL_ENABLE_DEBUG_INFO = NO;
				SDKROOT = iphoneos;
				SWIFT_COMPILATION_MODE = wholemodule;
				SWIFT_OPTIMIZATION_LEVEL = "-O";
				VALIDATE_PRODUCT = YES;
			};
			name = Release;
		};
		F15FB67621249850006A6446 /* Debug */ = {
			isa = XCBuildConfiguration;
			buildSettings = {
				ASSETCATALOG_COMPILER_APPICON_NAME = AppIcon;
				CODE_SIGN_STYLE = Automatic;
				DEVELOPMENT_TEAM = UE52HE9BWK;
				INFOPLIST_FILE = "Brian's App/Info.plist";
				LD_RUNPATH_SEARCH_PATHS = (
					"$(inherited)",
					"@executable_path/Frameworks",
				);
				PRODUCT_BUNDLE_IDENTIFIER = "com.Singh4282.Brian-s-App";
				PRODUCT_NAME = "$(TARGET_NAME)";
				SWIFT_VERSION = 4.0;
				TARGETED_DEVICE_FAMILY = "1,2";
			};
			name = Debug;
		};
		F15FB67721249850006A6446 /* Release */ = {
			isa = XCBuildConfiguration;
			buildSettings = {
				ASSETCATALOG_COMPILER_APPICON_NAME = AppIcon;
				CODE_SIGN_STYLE = Automatic;
				DEVELOPMENT_TEAM = UE52HE9BWK;
				INFOPLIST_FILE = "Brian's App/Info.plist";
				LD_RUNPATH_SEARCH_PATHS = (
					"$(inherited)",
					"@executable_path/Frameworks",
				);
				PRODUCT_BUNDLE_IDENTIFIER = "com.Singh4282.Brian-s-App";
				PRODUCT_NAME = "$(TARGET_NAME)";
				SWIFT_VERSION = 4.0;
				TARGETED_DEVICE_FAMILY = "1,2";
			};
			name = Release;
		};
/* End XCBuildConfiguration section */

/* Begin XCConfigurationList section */
		F15FB65E2124984F006A6446 /* Build configuration list for PBXProject "Brian's App" */ = {
			isa = XCConfigurationList;
			buildConfigurations = (
				F15FB67321249850006A6446 /* Debug */,
				F15FB67421249850006A6446 /* Release */,
			);
			defaultConfigurationIsVisible = 0;
			defaultConfigurationName = Release;
		};
		F15FB67521249850006A6446 /* Build configuration list for PBXNativeTarget "Brian's App" */ = {
			isa = XCConfigurationList;
			buildConfigurations = (
				F15FB67621249850006A6446 /* Debug */,
				F15FB67721249850006A6446 /* Release */,
			);
			defaultConfigurationIsVisible = 0;
			defaultConfigurationName = Release;
		};
/* End XCConfigurationList section */
	};
	rootObject = F15FB65B2124984F006A6446 /* Project object */;
}
